
Microsoft Visual Studio Solution File, Format Version 12.00
# Visual Studio Version 17
VisualStudioVersion = 17.10.35013.160
MinimumVisualStudioVersion = 10.0.40219.1
Project("{FAE04EC0-301F-11D3-BF4B-00C04F79EFBC}") = "Funcionarios", "Funcionarios\Funcionarios.csproj", "{58D56FCE-87C6-457D-B3D1-81897E8AA45F}"
EndProject
Global
	GlobalSection(SolutionConfigurationPlatforms) = preSolution
		Debug|Any CPU = Debug|Any CPU
		Release|Any CPU = Release|Any CPU
	EndGlobalSection
	GlobalSection(ProjectConfigurationPlatforms) = postSolution
		{58D56FCE-87C6-457D-B3D1-81897E8AA45F}.Debug|Any CPU.ActiveCfg = Debug|Any CPU
		{58D56FCE-87C6-457D-B3D1-81897E8AA45F}.Debug|Any CPU.Build.0 = Debug|Any CPU
		{58D56FCE-87C6-457D-B3D1-81897E8AA45F}.Release|Any CPU.ActiveCfg = Release|Any CPU
		{58D56FCE-87C6-457D-B3D1-81897E8AA45F}.Release|Any CPU.Build.0 = Release|Any CPU
	EndGlobalSection
	GlobalSection(SolutionProperties) = preSolution
		HideSolutionNode = FALSE
	EndGlobalSection
	GlobalSection(ExtensibilityGlobals) = postSolution
		SolutionGuid = {2444667B-7189-4DCD-9A17-4E8DE833C2AA}
	EndGlobalSection
EndGlobal
