
Microsoft Visual Studio Solution File, Format Version 12.00
# Visual Studio Version 17
VisualStudioVersion = 17.10.35013.160
MinimumVisualStudioVersion = 10.0.40219.1
Project("{FAE04EC0-301F-11D3-BF4B-00C04F79EFBC}") = "Filmes", "Filmes\Filmes.csproj", "{24EC2A07-DE24-4B8D-8DCB-0DEA8C2942E0}"
EndProject
Global
	GlobalSection(SolutionConfigurationPlatforms) = preSolution
		Debug|Any CPU = Debug|Any CPU
		Release|Any CPU = Release|Any CPU
	EndGlobalSection
	GlobalSection(ProjectConfigurationPlatforms) = postSolution
		{24EC2A07-DE24-4B8D-8DCB-0DEA8C2942E0}.Debug|Any CPU.ActiveCfg = Debug|Any CPU
		{24EC2A07-DE24-4B8D-8DCB-0DEA8C2942E0}.Debug|Any CPU.Build.0 = Debug|Any CPU
		{24EC2A07-DE24-4B8D-8DCB-0DEA8C2942E0}.Release|Any CPU.ActiveCfg = Release|Any CPU
		{24EC2A07-DE24-4B8D-8DCB-0DEA8C2942E0}.Release|Any CPU.Build.0 = Release|Any CPU
	EndGlobalSection
	GlobalSection(SolutionProperties) = preSolution
		HideSolutionNode = FALSE
	EndGlobalSection
	GlobalSection(ExtensibilityGlobals) = postSolution
		SolutionGuid = {B92DFEB5-533F-4169-8A19-C74F743F3EE8}
	EndGlobalSection
EndGlobal
